{
  "name": "words-cli",
  "version": "1.0.0-alpha.2",
  "lockfileVersion": 1,
  "requires": true,
  "dependencies": {
    "mri": {
      "version": "1.1.0",
      "resolved": "https://registry.npmjs.org/mri/-/mri-1.1.0.tgz",
      "integrity": "sha1-XAo/KcjM/7ux7JQdzsCdcfoy82o="
    },
    "words-en": {
      "version": "2.0.0",
      "resolved": "https://registry.npmjs.org/words-en/-/words-en-2.0.0.tgz",
      "integrity": "sha512-ldBJL/6Oe4p2ldijRT6Iq5k5SH1IwPfsAt4TG+mNlnHc6uX2yOO//PXsffn3hnLU7hBpgBs51tXq0IUdRFpFBA=="
    }
  }
}
